
Microsoft Visual Studio Solution File, Format Version 12.00
# Visual Studio Version 17
VisualStudioVersion = 17.7.34009.444
MinimumVisualStudioVersion = 10.0.40219.1
Project("{9A19103F-16F7-4668-BE54-9A1E7A4F7556}") = "RateChecker", "RateChecker\RateChecker.csproj", "{6E9EC66F-153F-43F6-9484-C82EE718BFA5}"
EndProject
Project("{E53339B2-1760-4266-BCC7-CA923CBCF16C}") = "docker-compose", "docker-compose.dcproj", "{456B6E05-812C-48ED-BF68-616E6A46E0C3}"
EndProject
Project("{2150E333-8FDC-42A3-9474-1A3956D46DE8}") = "Common", "Common", "{74CFD111-674E-4F56-B9F4-B15121D10AA1}"
	ProjectSection(SolutionItems) = preProject
		.dockerignore = .dockerignore
		Directory.Build.props = Directory.Build.props
		Directory.Packages.props = Directory.Packages.props
	EndProjectSection
EndProject
Global
	GlobalSection(SolutionConfigurationPlatforms) = preSolution
		Debug|Any CPU = Debug|Any CPU
		Release|Any CPU = Release|Any CPU
	EndGlobalSection
	GlobalSection(ProjectConfigurationPlatforms) = postSolution
		{6E9EC66F-153F-43F6-9484-C82EE718BFA5}.Debug|Any CPU.ActiveCfg = Debug|Any CPU
		{6E9EC66F-153F-43F6-9484-C82EE718BFA5}.Debug|Any CPU.Build.0 = Debug|Any CPU
		{6E9EC66F-153F-43F6-9484-C82EE718BFA5}.Release|Any CPU.ActiveCfg = Release|Any CPU
		{6E9EC66F-153F-43F6-9484-C82EE718BFA5}.Release|Any CPU.Build.0 = Release|Any CPU
		{456B6E05-812C-48ED-BF68-616E6A46E0C3}.Debug|Any CPU.ActiveCfg = Debug|Any CPU
		{456B6E05-812C-48ED-BF68-616E6A46E0C3}.Debug|Any CPU.Build.0 = Debug|Any CPU
		{456B6E05-812C-48ED-BF68-616E6A46E0C3}.Release|Any CPU.ActiveCfg = Release|Any CPU
		{456B6E05-812C-48ED-BF68-616E6A46E0C3}.Release|Any CPU.Build.0 = Release|Any CPU
	EndGlobalSection
	GlobalSection(SolutionProperties) = preSolution
		HideSolutionNode = FALSE
	EndGlobalSection
	GlobalSection(ExtensibilityGlobals) = postSolution
		SolutionGuid = {3F3CD6C3-AEA3-4EBE-A72C-700D5320776C}
	EndGlobalSection
EndGlobal
